
Microsoft Visual Studio Solution File, Format Version 12.00
# Visual Studio Version 17
VisualStudioVersion = 17.6.33815.320
MinimumVisualStudioVersion = 10.0.40219.1
Project("{FAE04EC0-301F-11D3-BF4B-00C04F79EFBC}") = "O i X okienko", "O i X okienko\O i X okienko.csproj", "{599B0582-7D96-48FF-A8E8-6997CC4366D0}"
EndProject
Global
	GlobalSection(SolutionConfigurationPlatforms) = preSolution
		Debug|Any CPU = Debug|Any CPU
		Release|Any CPU = Release|Any CPU
	EndGlobalSection
	GlobalSection(ProjectConfigurationPlatforms) = postSolution
		{599B0582-7D96-48FF-A8E8-6997CC4366D0}.Debug|Any CPU.ActiveCfg = Debug|Any CPU
		{599B0582-7D96-48FF-A8E8-6997CC4366D0}.Debug|Any CPU.Build.0 = Debug|Any CPU
		{599B0582-7D96-48FF-A8E8-6997CC4366D0}.Release|Any CPU.ActiveCfg = Release|Any CPU
		{599B0582-7D96-48FF-A8E8-6997CC4366D0}.Release|Any CPU.Build.0 = Release|Any CPU
	EndGlobalSection
	GlobalSection(SolutionProperties) = preSolution
		HideSolutionNode = FALSE
	EndGlobalSection
	GlobalSection(ExtensibilityGlobals) = postSolution
		SolutionGuid = {C40F2865-B8CC-48E7-8CB4-0D242B29A132}
	EndGlobalSection
EndGlobal
